{
  "name": "ddlit-bootstrap",
  "version": "1.0.0",
  "lockfileVersion": 3,
  "requires": true,
  "packages": {
    "": {
      "name": "ddlit-bootstrap",
      "version": "1.0.0",
      "license": "ISC",
      "devDependencies": {
        "@filipecarneiro/hugo-bootstrap-theme": "^1.0.50"
      }
    },
    "node_modules/@filipecarneiro/hugo-bootstrap-theme": {
      "version": "1.0.50",
      "resolved": "https://registry.npmjs.org/@filipecarneiro/hugo-bootstrap-theme/-/hugo-bootstrap-theme-1.0.50.tgz",
      "integrity": "sha512-TFwpBU3Q36tpUc4wEKR+Cxv9OasxG7+7XzDVpTh2eZ0Hjckue8Azhj0ua5TH13RCEF3WTJPM5fS3Ru5A5rDSog==",
      "dev": true,
      "hasInstallScript": true,
      "license": "MIT"
    }
  }
}
